
Microsoft Visual Studio Solution File, Format Version 12.00
# Visual Studio Version 16
VisualStudioVersion = 16.0.31515.178
MinimumVisualStudioVersion = 10.0.40219.1
Project("{FAE04EC0-301F-11D3-BF4B-00C04F79EFBC}") = "FileRenamer_WPF", "FileRenamer_WPF\FileRenamer_WPF.csproj", "{16F9B3EE-315D-44AF-AEF2-CE48F0B8A04C}"
EndProject
Project("{FAE04EC0-301F-11D3-BF4B-00C04F79EFBC}") = "MultiFileRenamer.ClassLibrary", "MultiFileRenamer.ClassLibrary\MultiFileRenamer.ClassLibrary.csproj", "{7C1D0D32-D0B8-4464-851C-11C5FEFD36F1}"
EndProject
Global
	GlobalSection(SolutionConfigurationPlatforms) = preSolution
		Debug|Any CPU = Debug|Any CPU
		Release|Any CPU = Release|Any CPU
	EndGlobalSection
	GlobalSection(ProjectConfigurationPlatforms) = postSolution
		{16F9B3EE-315D-44AF-AEF2-CE48F0B8A04C}.Debug|Any CPU.ActiveCfg = Debug|Any CPU
		{16F9B3EE-315D-44AF-AEF2-CE48F0B8A04C}.Debug|Any CPU.Build.0 = Debug|Any CPU
		{16F9B3EE-315D-44AF-AEF2-CE48F0B8A04C}.Release|Any CPU.ActiveCfg = Release|Any CPU
		{16F9B3EE-315D-44AF-AEF2-CE48F0B8A04C}.Release|Any CPU.Build.0 = Release|Any CPU
		{7C1D0D32-D0B8-4464-851C-11C5FEFD36F1}.Debug|Any CPU.ActiveCfg = Debug|Any CPU
		{7C1D0D32-D0B8-4464-851C-11C5FEFD36F1}.Debug|Any CPU.Build.0 = Debug|Any CPU
		{7C1D0D32-D0B8-4464-851C-11C5FEFD36F1}.Release|Any CPU.ActiveCfg = Release|Any CPU
		{7C1D0D32-D0B8-4464-851C-11C5FEFD36F1}.Release|Any CPU.Build.0 = Release|Any CPU
	EndGlobalSection
	GlobalSection(SolutionProperties) = preSolution
		HideSolutionNode = FALSE
	EndGlobalSection
	GlobalSection(ExtensibilityGlobals) = postSolution
		SolutionGuid = {F59F106C-88B2-48B0-9C24-F37902BCEE4F}
	EndGlobalSection
EndGlobal
